
Microsoft Visual Studio Solution File, Format Version 12.00
# Visual Studio Version 16
VisualStudioVersion = 16.0.30907.101
MinimumVisualStudioVersion = 10.0.40219.1
Project("{9A19103F-16F7-4668-BE54-9A1E7A4F7556}") = "Entities", "Entities\Entities.csproj", "{4CBF6451-57DA-482D-BD96-282F44BBAB55}"
EndProject
Project("{9A19103F-16F7-4668-BE54-9A1E7A4F7556}") = "DataAccess", "DataAccess\DataAccess.csproj", "{8F94DBD9-2A71-4346-91B6-96B7219451AA}"
EndProject
Project("{9A19103F-16F7-4668-BE54-9A1E7A4F7556}") = "Business", "Business\Business.csproj", "{38AECEB8-4C5C-4868-AD17-21EED94FB97D}"
EndProject
Project("{9A19103F-16F7-4668-BE54-9A1E7A4F7556}") = "ConsoleUI", "ConsoleUI\ConsoleUI.csproj", "{B019816D-937E-44AB-9523-584F7D200A0F}"
EndProject
Project("{FAE04EC0-301F-11D3-BF4B-00C04F79EFBC}") = "Core", "Core\Core.csproj", "{D16A4997-C9DF-4274-9387-BFFC2DE0D68D}"
EndProject
Global
	GlobalSection(SolutionConfigurationPlatforms) = preSolution
		Debug|Any CPU = Debug|Any CPU
		Release|Any CPU = Release|Any CPU
	EndGlobalSection
	GlobalSection(ProjectConfigurationPlatforms) = postSolution
		{4CBF6451-57DA-482D-BD96-282F44BBAB55}.Debug|Any CPU.ActiveCfg = Debug|Any CPU
		{4CBF6451-57DA-482D-BD96-282F44BBAB55}.Debug|Any CPU.Build.0 = Debug|Any CPU
		{4CBF6451-57DA-482D-BD96-282F44BBAB55}.Release|Any CPU.ActiveCfg = Release|Any CPU
		{4CBF6451-57DA-482D-BD96-282F44BBAB55}.Release|Any CPU.Build.0 = Release|Any CPU
		{8F94DBD9-2A71-4346-91B6-96B7219451AA}.Debug|Any CPU.ActiveCfg = Debug|Any CPU
		{8F94DBD9-2A71-4346-91B6-96B7219451AA}.Debug|Any CPU.Build.0 = Debug|Any CPU
		{8F94DBD9-2A71-4346-91B6-96B7219451AA}.Release|Any CPU.ActiveCfg = Release|Any CPU
		{8F94DBD9-2A71-4346-91B6-96B7219451AA}.Release|Any CPU.Build.0 = Release|Any CPU
		{38AECEB8-4C5C-4868-AD17-21EED94FB97D}.Debug|Any CPU.ActiveCfg = Debug|Any CPU
		{38AECEB8-4C5C-4868-AD17-21EED94FB97D}.Debug|Any CPU.Build.0 = Debug|Any CPU
		{38AECEB8-4C5C-4868-AD17-21EED94FB97D}.Release|Any CPU.ActiveCfg = Release|Any CPU
		{38AECEB8-4C5C-4868-AD17-21EED94FB97D}.Release|Any CPU.Build.0 = Release|Any CPU
		{B019816D-937E-44AB-9523-584F7D200A0F}.Debug|Any CPU.ActiveCfg = Debug|Any CPU
		{B019816D-937E-44AB-9523-584F7D200A0F}.Debug|Any CPU.Build.0 = Debug|Any CPU
		{B019816D-937E-44AB-9523-584F7D200A0F}.Release|Any CPU.ActiveCfg = Release|Any CPU
		{B019816D-937E-44AB-9523-584F7D200A0F}.Release|Any CPU.Build.0 = Release|Any CPU
		{D16A4997-C9DF-4274-9387-BFFC2DE0D68D}.Debug|Any CPU.ActiveCfg = Debug|Any CPU
		{D16A4997-C9DF-4274-9387-BFFC2DE0D68D}.Debug|Any CPU.Build.0 = Debug|Any CPU
		{D16A4997-C9DF-4274-9387-BFFC2DE0D68D}.Release|Any CPU.ActiveCfg = Release|Any CPU
		{D16A4997-C9DF-4274-9387-BFFC2DE0D68D}.Release|Any CPU.Build.0 = Release|Any CPU
	EndGlobalSection
	GlobalSection(SolutionProperties) = preSolution
		HideSolutionNode = FALSE
	EndGlobalSection
	GlobalSection(ExtensibilityGlobals) = postSolution
		SolutionGuid = {553DA80A-095E-40E5-AD02-C080F5CDC59C}
	EndGlobalSection
EndGlobal
